Microsoft Visual Studio Solution File, Format Version 12.00
# Visual Studio Version 17
VisualStudioVersion = 17.5.2.0
MinimumVisualStudioVersion = 10.0.40219.1
Project("{FAE04EC0-301F-11D3-BF4B-00C04F79EFBC}") = "Sensordata", "Sensordata.csproj", "{8E59AA56-2B97-AC11-D3B5-692861E6E3E6}"
EndProject
Global
	GlobalSection(SolutionConfigurationPlatforms) = preSolution
		Debug|Any CPU = Debug|Any CPU
		Release|Any CPU = Release|Any CPU
	EndGlobalSection
	GlobalSection(ProjectConfigurationPlatforms) = postSolution
		{8E59AA56-2B97-AC11-D3B5-692861E6E3E6}.Debug|Any CPU.ActiveCfg = Debug|Any CPU
		{8E59AA56-2B97-AC11-D3B5-692861E6E3E6}.Debug|Any CPU.Build.0 = Debug|Any CPU
		{8E59AA56-2B97-AC11-D3B5-692861E6E3E6}.Release|Any CPU.ActiveCfg = Release|Any CPU
		{8E59AA56-2B97-AC11-D3B5-692861E6E3E6}.Release|Any CPU.Build.0 = Release|Any CPU
	EndGlobalSection
	GlobalSection(SolutionProperties) = preSolution
		HideSolutionNode = FALSE
	EndGlobalSection
	GlobalSection(ExtensibilityGlobals) = postSolution
		SolutionGuid = {42F4D70E-28A8-4A00-8311-BB7357E47436}
	EndGlobalSection
EndGlobal
